
Microsoft Visual Studio Solution File, Format Version 12.00
# Visual Studio 15
VisualStudioVersion = 15.0.27004.2009
MinimumVisualStudioVersion = 10.0.40219.1
Project("{FAE04EC0-301F-11D3-BF4B-00C04F79EFBC}") = "RepoTest", "RepoTest\RepoTest.csproj", "{558F6E8E-18C9-4606-8523-E8DFA54AA6A6}"
EndProject
Global
	GlobalSection(SolutionConfigurationPlatforms) = preSolution
		Debug|Any CPU = Debug|Any CPU
		Release|Any CPU = Release|Any CPU
	EndGlobalSection
	GlobalSection(ProjectConfigurationPlatforms) = postSolution
		{558F6E8E-18C9-4606-8523-E8DFA54AA6A6}.Debug|Any CPU.ActiveCfg = Debug|Any CPU
		{558F6E8E-18C9-4606-8523-E8DFA54AA6A6}.Debug|Any CPU.Build.0 = Debug|Any CPU
		{558F6E8E-18C9-4606-8523-E8DFA54AA6A6}.Release|Any CPU.ActiveCfg = Release|Any CPU
		{558F6E8E-18C9-4606-8523-E8DFA54AA6A6}.Release|Any CPU.Build.0 = Release|Any CPU
	EndGlobalSection
	GlobalSection(SolutionProperties) = preSolution
		HideSolutionNode = FALSE
	EndGlobalSection
	GlobalSection(ExtensibilityGlobals) = postSolution
		SolutionGuid = {CD925FE4-E03C-4007-BD8B-DD817F243EF1}
	EndGlobalSection
EndGlobal
